
Microsoft Visual Studio Solution File, Format Version 12.00
# Visual Studio Version 16
VisualStudioVersion = 16.0.30413.136
MinimumVisualStudioVersion = 10.0.40219.1
Project("{9A19103F-16F7-4668-BE54-9A1E7A4F7556}") = "SocialMedia.WebApp", "SocialMedia.WebApp\SocialMedia.WebApp.csproj", "{BE4498E0-A294-4501-8FAB-E1B7839EF47F}"
EndProject
Project("{9A19103F-16F7-4668-BE54-9A1E7A4F7556}") = "SocialMedia.Entities", "SocialMedia.Entities\SocialMedia.Entities.csproj", "{387D3900-A759-4816-8CA0-9EFBD2C974CA}"
EndProject
Project("{9A19103F-16F7-4668-BE54-9A1E7A4F7556}") = "SocialMedia.DataAccess", "SocialMedia.DataAccess\SocialMedia.DataAccess.csproj", "{B0B9CF71-C6D3-4A99-B6C3-0B5E4E76528D}"
EndProject
Project("{FAE04EC0-301F-11D3-BF4B-00C04F79EFBC}") = "SocialMedia.IoC", "SocialMedia.IoC\SocialMedia.IoC.csproj", "{40EE2BF0-0671-47B0-AFD8-F4CCDB7A52FC}"
EndProject
Project("{FAE04EC0-301F-11D3-BF4B-00C04F79EFBC}") = "SocialMedia.Containers", "SocialMedia.Containers\SocialMedia.Containers.csproj", "{B5C08356-7D7F-44E2-B37F-BD12833F17D2}"
EndProject
Global
	GlobalSection(SolutionConfigurationPlatforms) = preSolution
		Debug|Any CPU = Debug|Any CPU
		Release|Any CPU = Release|Any CPU
	EndGlobalSection
	GlobalSection(ProjectConfigurationPlatforms) = postSolution
		{BE4498E0-A294-4501-8FAB-E1B7839EF47F}.Debug|Any CPU.ActiveCfg = Debug|Any CPU
		{BE4498E0-A294-4501-8FAB-E1B7839EF47F}.Debug|Any CPU.Build.0 = Debug|Any CPU
		{BE4498E0-A294-4501-8FAB-E1B7839EF47F}.Release|Any CPU.ActiveCfg = Release|Any CPU
		{BE4498E0-A294-4501-8FAB-E1B7839EF47F}.Release|Any CPU.Build.0 = Release|Any CPU
		{387D3900-A759-4816-8CA0-9EFBD2C974CA}.Debug|Any CPU.ActiveCfg = Debug|Any CPU
		{387D3900-A759-4816-8CA0-9EFBD2C974CA}.Debug|Any CPU.Build.0 = Debug|Any CPU
		{387D3900-A759-4816-8CA0-9EFBD2C974CA}.Release|Any CPU.ActiveCfg = Release|Any CPU
		{387D3900-A759-4816-8CA0-9EFBD2C974CA}.Release|Any CPU.Build.0 = Release|Any CPU
		{B0B9CF71-C6D3-4A99-B6C3-0B5E4E76528D}.Debug|Any CPU.ActiveCfg = Debug|Any CPU
		{B0B9CF71-C6D3-4A99-B6C3-0B5E4E76528D}.Debug|Any CPU.Build.0 = Debug|Any CPU
		{B0B9CF71-C6D3-4A99-B6C3-0B5E4E76528D}.Release|Any CPU.ActiveCfg = Release|Any CPU
		{B0B9CF71-C6D3-4A99-B6C3-0B5E4E76528D}.Release|Any CPU.Build.0 = Release|Any CPU
		{40EE2BF0-0671-47B0-AFD8-F4CCDB7A52FC}.Debug|Any CPU.ActiveCfg = Debug|Any CPU
		{40EE2BF0-0671-47B0-AFD8-F4CCDB7A52FC}.Debug|Any CPU.Build.0 = Debug|Any CPU
		{40EE2BF0-0671-47B0-AFD8-F4CCDB7A52FC}.Release|Any CPU.ActiveCfg = Release|Any CPU
		{40EE2BF0-0671-47B0-AFD8-F4CCDB7A52FC}.Release|Any CPU.Build.0 = Release|Any CPU
		{B5C08356-7D7F-44E2-B37F-BD12833F17D2}.Debug|Any CPU.ActiveCfg = Debug|Any CPU
		{B5C08356-7D7F-44E2-B37F-BD12833F17D2}.Debug|Any CPU.Build.0 = Debug|Any CPU
		{B5C08356-7D7F-44E2-B37F-BD12833F17D2}.Release|Any CPU.ActiveCfg = Release|Any CPU
		{B5C08356-7D7F-44E2-B37F-BD12833F17D2}.Release|Any CPU.Build.0 = Release|Any CPU
	EndGlobalSection
	GlobalSection(SolutionProperties) = preSolution
		HideSolutionNode = FALSE
	EndGlobalSection
	GlobalSection(ExtensibilityGlobals) = postSolution
		SolutionGuid = {A907A13C-495E-4620-933F-AFE30D185EAF}
	EndGlobalSection
EndGlobal
