
Microsoft Visual Studio Solution File, Format Version 12.00
# Visual Studio Version 16
VisualStudioVersion = 16.0.30413.136
MinimumVisualStudioVersion = 10.0.40219.1
Project("{FAE04EC0-301F-11D3-BF4B-00C04F79EFBC}") = "SocialMedia.WebApp", "SocialMedia.WebApp\SocialMedia.WebApp.csproj", "{BE4498E0-A294-4501-8FAB-E1B7839EF47F}"
EndProject
Project("{FAE04EC0-301F-11D3-BF4B-00C04F79EFBC}") = "SocialMedia.Entities", "SocialMedia.Entities\SocialMedia.Entities.csproj", "{387D3900-A759-4816-8CA0-9EFBD2C974CA}"
EndProject
Project("{FAE04EC0-301F-11D3-BF4B-00C04F79EFBC}") = "SocialMedia.DataAccess", "SocialMedia.DataAccess\SocialMedia.DataAccess.csproj", "{B0B9CF71-C6D3-4A99-B6C3-0B5E4E76528D}"
EndProject
Global
	GlobalSection(SolutionConfigurationPlatforms) = preSolution
		Debug|Any CPU = Debug|Any CPU
		Release|Any CPU = Release|Any CPU
	EndGlobalSection
	GlobalSection(ProjectConfigurationPlatforms) = postSolution
		{BE4498E0-A294-4501-8FAB-E1B7839EF47F}.Debug|Any CPU.ActiveCfg = Debug|Any CPU
		{BE4498E0-A294-4501-8FAB-E1B7839EF47F}.Debug|Any CPU.Build.0 = Debug|Any CPU
		{BE4498E0-A294-4501-8FAB-E1B7839EF47F}.Release|Any CPU.ActiveCfg = Release|Any CPU
		{BE4498E0-A294-4501-8FAB-E1B7839EF47F}.Release|Any CPU.Build.0 = Release|Any CPU
		{387D3900-A759-4816-8CA0-9EFBD2C974CA}.Debug|Any CPU.ActiveCfg = Debug|Any CPU
		{387D3900-A759-4816-8CA0-9EFBD2C974CA}.Debug|Any CPU.Build.0 = Debug|Any CPU
		{387D3900-A759-4816-8CA0-9EFBD2C974CA}.Release|Any CPU.ActiveCfg = Release|Any CPU
		{387D3900-A759-4816-8CA0-9EFBD2C974CA}.Release|Any CPU.Build.0 = Release|Any CPU
		{B0B9CF71-C6D3-4A99-B6C3-0B5E4E76528D}.Debug|Any CPU.ActiveCfg = Debug|Any CPU
		{B0B9CF71-C6D3-4A99-B6C3-0B5E4E76528D}.Debug|Any CPU.Build.0 = Debug|Any CPU
		{B0B9CF71-C6D3-4A99-B6C3-0B5E4E76528D}.Release|Any CPU.ActiveCfg = Release|Any CPU
		{B0B9CF71-C6D3-4A99-B6C3-0B5E4E76528D}.Release|Any CPU.Build.0 = Release|Any CPU
	EndGlobalSection
	GlobalSection(SolutionProperties) = preSolution
		HideSolutionNode = FALSE
	EndGlobalSection
	GlobalSection(ExtensibilityGlobals) = postSolution
		SolutionGuid = {A907A13C-495E-4620-933F-AFE30D185EAF}
	EndGlobalSection
EndGlobal
